
Microsoft Visual Studio Solution File, Format Version 12.00
# Visual Studio Version 17
VisualStudioVersion = 17.9.34902.65
MinimumVisualStudioVersion = 10.0.40219.1
Project("{9A19103F-16F7-4668-BE54-9A1E7A4F7556}") = "Step01", "Step01\Step01.csproj", "{E1D056D8-3F49-4688-BF27-B0A40F394F6C}"
EndProject
Project("{FAE04EC0-301F-11D3-BF4B-00C04F79EFBC}") = "Step02", "Step02\Step02.csproj", "{AC203BF2-CDE0-4E3F-955B-389BB548E4ED}"
EndProject
Global
	GlobalSection(SolutionConfigurationPlatforms) = preSolution
		Debug|Any CPU = Debug|Any CPU
		Release|Any CPU = Release|Any CPU
	EndGlobalSection
	GlobalSection(ProjectConfigurationPlatforms) = postSolution
		{E1D056D8-3F49-4688-BF27-B0A40F394F6C}.Debug|Any CPU.ActiveCfg = Debug|Any CPU
		{E1D056D8-3F49-4688-BF27-B0A40F394F6C}.Debug|Any CPU.Build.0 = Debug|Any CPU
		{E1D056D8-3F49-4688-BF27-B0A40F394F6C}.Release|Any CPU.ActiveCfg = Release|Any CPU
		{E1D056D8-3F49-4688-BF27-B0A40F394F6C}.Release|Any CPU.Build.0 = Release|Any CPU
		{AC203BF2-CDE0-4E3F-955B-389BB548E4ED}.Debug|Any CPU.ActiveCfg = Debug|Any CPU
		{AC203BF2-CDE0-4E3F-955B-389BB548E4ED}.Debug|Any CPU.Build.0 = Debug|Any CPU
		{AC203BF2-CDE0-4E3F-955B-389BB548E4ED}.Release|Any CPU.ActiveCfg = Release|Any CPU
		{AC203BF2-CDE0-4E3F-955B-389BB548E4ED}.Release|Any CPU.Build.0 = Release|Any CPU
	EndGlobalSection
	GlobalSection(SolutionProperties) = preSolution
		HideSolutionNode = FALSE
	EndGlobalSection
	GlobalSection(ExtensibilityGlobals) = postSolution
		SolutionGuid = {131D6ED8-E820-4684-B7A0-6387FF707F02}
	EndGlobalSection
EndGlobal
